
Microsoft Visual Studio Solution File, Format Version 12.00
# Visual Studio 14
VisualStudioVersion = 14.0.24720.0
MinimumVisualStudioVersion = 10.0.40219.1
Project("{FAE04EC0-301F-11D3-BF4B-00C04F79EFBC}") = "Indicators.Contracts", "Indicators.Contracts\Indicators.Contracts.csproj", "{22C491B8-E115-436F-B74B-D88A10E63E28}"
EndProject
Project("{FAE04EC0-301F-11D3-BF4B-00C04F79EFBC}") = "Indicators.Shared", "Indicators.Shared\Indicators.Shared.csproj", "{64693CE7-F4F8-4BB0-B905-466CD982B489}"
EndProject
Project("{FAE04EC0-301F-11D3-BF4B-00C04F79EFBC}") = "Indicators.Simple", "Indicators.Simple\Indicators.Simple.csproj", "{16EC6155-6AE5-488D-A0AD-E336A94596B0}"
EndProject
Project("{FAE04EC0-301F-11D3-BF4B-00C04F79EFBC}") = "Indicators.Values", "Indicators.Values\Indicators.Values.csproj", "{F19549EB-8F8F-4F46-8561-F1E5692783FC}"
EndProject
Project("{FAE04EC0-301F-11D3-BF4B-00C04F79EFBC}") = "Indicators.Values.Contracts", "Indicators.Values.Contracts\Indicators.Values.Contracts.csproj", "{41ACB6ED-9EF1-4DD6-88F3-F8E4467FCE6B}"
EndProject
Project("{FAE04EC0-301F-11D3-BF4B-00C04F79EFBC}") = "Indicators.Values.Shared", "Indicators.Values.Shared\Indicators.Values.Shared.csproj", "{7AB9F473-F17F-45BC-9AF4-823695A2E8DD}"
EndProject
Project("{FAE04EC0-301F-11D3-BF4B-00C04F79EFBC}") = "Shared", "Shared\Shared.csproj", "{670AD73B-553E-4437-B54C-0A91D8C0348F}"
EndProject
Global
	GlobalSection(SolutionConfigurationPlatforms) = preSolution
		AUD_USD|Any CPU = AUD_USD|Any CPU
		BetSize|Any CPU = BetSize|Any CPU
		BounceLevel|Any CPU = BounceLevel|Any CPU
		CongestedLevel|Any CPU = CongestedLevel|Any CPU
		Debug|Any CPU = Debug|Any CPU
		DZInternals|Any CPU = DZInternals|Any CPU
		EmaCrossover|Any CPU = EmaCrossover|Any CPU
		EUR_GBP|Any CPU = EUR_GBP|Any CPU
		EUR_JPY|Any CPU = EUR_JPY|Any CPU
		EUR_USD|Any CPU = EUR_USD|Any CPU
		FadeApproachLevel|Any CPU = FadeApproachLevel|Any CPU
		GBP_JPY|Any CPU = GBP_JPY|Any CPU
		NZD_USD|Any CPU = NZD_USD|Any CPU
		Oscillating|Any CPU = Oscillating|Any CPU
		PriceAction|Any CPU = PriceAction|Any CPU
		Propulsion|Any CPU = Propulsion|Any CPU
		Release|Any CPU = Release|Any CPU
		Strategies|Any CPU = Strategies|Any CPU
		Strategies1|Any CPU = Strategies1|Any CPU
		Strategies2|Any CPU = Strategies2|Any CPU
		Test03|Any CPU = Test03|Any CPU
		Test04|Any CPU = Test04|Any CPU
		Test05|Any CPU = Test05|Any CPU
		Trendiness1|Any CPU = Trendiness1|Any CPU
		Trendiness2|Any CPU = Trendiness2|Any CPU
		Trendiness3|Any CPU = Trendiness3|Any CPU
		Trendiness4|Any CPU = Trendiness4|Any CPU
		Trending|Any CPU = Trending|Any CPU
		TrendInternals|Any CPU = TrendInternals|Any CPU
		TrendyKeltnerOscillation|Any CPU = TrendyKeltnerOscillation|Any CPU
		USD_CAD|Any CPU = USD_CAD|Any CPU
		USD_CHF|Any CPU = USD_CHF|Any CPU
	EndGlobalSection
	GlobalSection(ProjectConfigurationPlatforms) = postSolution
		{22C491B8-E115-436F-B74B-D88A10E63E28}.AUD_USD|Any CPU.ActiveCfg = Release|Any CPU
		{22C491B8-E115-436F-B74B-D88A10E63E28}.AUD_USD|Any CPU.Build.0 = Release|Any CPU
		{22C491B8-E115-436F-B74B-D88A10E63E28}.BetSize|Any CPU.ActiveCfg = Release|Any CPU
		{22C491B8-E115-436F-B74B-D88A10E63E28}.BetSize|Any CPU.Build.0 = Release|Any CPU
		{22C491B8-E115-436F-B74B-D88A10E63E28}.BounceLevel|Any CPU.ActiveCfg = Release|Any CPU
		{22C491B8-E115-436F-B74B-D88A10E63E28}.BounceLevel|Any CPU.Build.0 = Release|Any CPU
		{22C491B8-E115-436F-B74B-D88A10E63E28}.CongestedLevel|Any CPU.ActiveCfg = Release|Any CPU
		{22C491B8-E115-436F-B74B-D88A10E63E28}.CongestedLevel|Any CPU.Build.0 = Release|Any CPU
		{22C491B8-E115-436F-B74B-D88A10E63E28}.Debug|Any CPU.ActiveCfg = Debug|Any CPU
		{22C491B8-E115-436F-B74B-D88A10E63E28}.Debug|Any CPU.Build.0 = Debug|Any CPU
		{22C491B8-E115-436F-B74B-D88A10E63E28}.DZInternals|Any CPU.ActiveCfg = Debug|Any CPU
		{22C491B8-E115-436F-B74B-D88A10E63E28}.DZInternals|Any CPU.Build.0 = Debug|Any CPU
		{22C491B8-E115-436F-B74B-D88A10E63E28}.EmaCrossover|Any CPU.ActiveCfg = Release|Any CPU
		{22C491B8-E115-436F-B74B-D88A10E63E28}.EmaCrossover|Any CPU.Build.0 = Release|Any CPU
		{22C491B8-E115-436F-B74B-D88A10E63E28}.EUR_GBP|Any CPU.ActiveCfg = Release|Any CPU
		{22C491B8-E115-436F-B74B-D88A10E63E28}.EUR_GBP|Any CPU.Build.0 = Release|Any CPU
		{22C491B8-E115-436F-B74B-D88A10E63E28}.EUR_JPY|Any CPU.ActiveCfg = Release|Any CPU
		{22C491B8-E115-436F-B74B-D88A10E63E28}.EUR_JPY|Any CPU.Build.0 = Release|Any CPU
		{22C491B8-E115-436F-B74B-D88A10E63E28}.EUR_USD|Any CPU.ActiveCfg = Release|Any CPU
		{22C491B8-E115-436F-B74B-D88A10E63E28}.EUR_USD|Any CPU.Build.0 = Release|Any CPU
		{22C491B8-E115-436F-B74B-D88A10E63E28}.FadeApproachLevel|Any CPU.ActiveCfg = Release|Any CPU
		{22C491B8-E115-436F-B74B-D88A10E63E28}.FadeApproachLevel|Any CPU.Build.0 = Release|Any CPU
		{22C491B8-E115-436F-B74B-D88A10E63E28}.GBP_JPY|Any CPU.ActiveCfg = Release|Any CPU
		{22C491B8-E115-436F-B74B-D88A10E63E28}.GBP_JPY|Any CPU.Build.0 = Release|Any CPU
		{22C491B8-E115-436F-B74B-D88A10E63E28}.NZD_USD|Any CPU.ActiveCfg = Release|Any CPU
		{22C491B8-E115-436F-B74B-D88A10E63E28}.NZD_USD|Any CPU.Build.0 = Release|Any CPU
		{22C491B8-E115-436F-B74B-D88A10E63E28}.Oscillating|Any CPU.ActiveCfg = Release|Any CPU
		{22C491B8-E115-436F-B74B-D88A10E63E28}.Oscillating|Any CPU.Build.0 = Release|Any CPU
		{22C491B8-E115-436F-B74B-D88A10E63E28}.PriceAction|Any CPU.ActiveCfg = Release|Any CPU
		{22C491B8-E115-436F-B74B-D88A10E63E28}.PriceAction|Any CPU.Build.0 = Release|Any CPU
		{22C491B8-E115-436F-B74B-D88A10E63E28}.Propulsion|Any CPU.ActiveCfg = Release|Any CPU
		{22C491B8-E115-436F-B74B-D88A10E63E28}.Propulsion|Any CPU.Build.0 = Release|Any CPU
		{22C491B8-E115-436F-B74B-D88A10E63E28}.Release|Any CPU.ActiveCfg = Release|Any CPU
		{22C491B8-E115-436F-B74B-D88A10E63E28}.Release|Any CPU.Build.0 = Release|Any CPU
		{22C491B8-E115-436F-B74B-D88A10E63E28}.Strategies|Any CPU.ActiveCfg = Release|Any CPU
		{22C491B8-E115-436F-B74B-D88A10E63E28}.Strategies|Any CPU.Build.0 = Release|Any CPU
		{22C491B8-E115-436F-B74B-D88A10E63E28}.Strategies1|Any CPU.ActiveCfg = Release|Any CPU
		{22C491B8-E115-436F-B74B-D88A10E63E28}.Strategies1|Any CPU.Build.0 = Release|Any CPU
		{22C491B8-E115-436F-B74B-D88A10E63E28}.Strategies2|Any CPU.ActiveCfg = Release|Any CPU
		{22C491B8-E115-436F-B74B-D88A10E63E28}.Strategies2|Any CPU.Build.0 = Release|Any CPU
		{22C491B8-E115-436F-B74B-D88A10E63E28}.Test03|Any CPU.ActiveCfg = Release|Any CPU
		{22C491B8-E115-436F-B74B-D88A10E63E28}.Test03|Any CPU.Build.0 = Release|Any CPU
		{22C491B8-E115-436F-B74B-D88A10E63E28}.Test04|Any CPU.ActiveCfg = Release|Any CPU
		{22C491B8-E115-436F-B74B-D88A10E63E28}.Test04|Any CPU.Build.0 = Release|Any CPU
		{22C491B8-E115-436F-B74B-D88A10E63E28}.Test05|Any CPU.ActiveCfg = Release|Any CPU
		{22C491B8-E115-436F-B74B-D88A10E63E28}.Test05|Any CPU.Build.0 = Release|Any CPU
		{22C491B8-E115-436F-B74B-D88A10E63E28}.Trendiness1|Any CPU.ActiveCfg = Release|Any CPU
		{22C491B8-E115-436F-B74B-D88A10E63E28}.Trendiness1|Any CPU.Build.0 = Release|Any CPU
		{22C491B8-E115-436F-B74B-D88A10E63E28}.Trendiness2|Any CPU.ActiveCfg = Release|Any CPU
		{22C491B8-E115-436F-B74B-D88A10E63E28}.Trendiness2|Any CPU.Build.0 = Release|Any CPU
		{22C491B8-E115-436F-B74B-D88A10E63E28}.Trendiness3|Any CPU.ActiveCfg = Release|Any CPU
		{22C491B8-E115-436F-B74B-D88A10E63E28}.Trendiness3|Any CPU.Build.0 = Release|Any CPU
		{22C491B8-E115-436F-B74B-D88A10E63E28}.Trendiness4|Any CPU.ActiveCfg = Release|Any CPU
		{22C491B8-E115-436F-B74B-D88A10E63E28}.Trendiness4|Any CPU.Build.0 = Release|Any CPU
		{22C491B8-E115-436F-B74B-D88A10E63E28}.Trending|Any CPU.ActiveCfg = Release|Any CPU
		{22C491B8-E115-436F-B74B-D88A10E63E28}.Trending|Any CPU.Build.0 = Release|Any CPU
		{22C491B8-E115-436F-B74B-D88A10E63E28}.TrendInternals|Any CPU.ActiveCfg = Release|Any CPU
		{22C491B8-E115-436F-B74B-D88A10E63E28}.TrendInternals|Any CPU.Build.0 = Release|Any CPU
		{22C491B8-E115-436F-B74B-D88A10E63E28}.TrendyKeltnerOscillation|Any CPU.ActiveCfg = Release|Any CPU
		{22C491B8-E115-436F-B74B-D88A10E63E28}.TrendyKeltnerOscillation|Any CPU.Build.0 = Release|Any CPU
		{22C491B8-E115-436F-B74B-D88A10E63E28}.USD_CAD|Any CPU.ActiveCfg = Release|Any CPU
		{22C491B8-E115-436F-B74B-D88A10E63E28}.USD_CAD|Any CPU.Build.0 = Release|Any CPU
		{22C491B8-E115-436F-B74B-D88A10E63E28}.USD_CHF|Any CPU.ActiveCfg = Release|Any CPU
		{22C491B8-E115-436F-B74B-D88A10E63E28}.USD_CHF|Any CPU.Build.0 = Release|Any CPU
		{64693CE7-F4F8-4BB0-B905-466CD982B489}.AUD_USD|Any CPU.ActiveCfg = Release|Any CPU
		{64693CE7-F4F8-4BB0-B905-466CD982B489}.AUD_USD|Any CPU.Build.0 = Release|Any CPU
		{64693CE7-F4F8-4BB0-B905-466CD982B489}.BetSize|Any CPU.ActiveCfg = Release|Any CPU
		{64693CE7-F4F8-4BB0-B905-466CD982B489}.BetSize|Any CPU.Build.0 = Release|Any CPU
		{64693CE7-F4F8-4BB0-B905-466CD982B489}.BounceLevel|Any CPU.ActiveCfg = Release|Any CPU
		{64693CE7-F4F8-4BB0-B905-466CD982B489}.BounceLevel|Any CPU.Build.0 = Release|Any CPU
		{64693CE7-F4F8-4BB0-B905-466CD982B489}.CongestedLevel|Any CPU.ActiveCfg = Release|Any CPU
		{64693CE7-F4F8-4BB0-B905-466CD982B489}.CongestedLevel|Any CPU.Build.0 = Release|Any CPU
		{64693CE7-F4F8-4BB0-B905-466CD982B489}.Debug|Any CPU.ActiveCfg = Debug|Any CPU
		{64693CE7-F4F8-4BB0-B905-466CD982B489}.Debug|Any CPU.Build.0 = Debug|Any CPU
		{64693CE7-F4F8-4BB0-B905-466CD982B489}.DZInternals|Any CPU.ActiveCfg = Debug|Any CPU
		{64693CE7-F4F8-4BB0-B905-466CD982B489}.DZInternals|Any CPU.Build.0 = Debug|Any CPU
		{64693CE7-F4F8-4BB0-B905-466CD982B489}.EmaCrossover|Any CPU.ActiveCfg = Release|Any CPU
		{64693CE7-F4F8-4BB0-B905-466CD982B489}.EmaCrossover|Any CPU.Build.0 = Release|Any CPU
		{64693CE7-F4F8-4BB0-B905-466CD982B489}.EUR_GBP|Any CPU.ActiveCfg = Release|Any CPU
		{64693CE7-F4F8-4BB0-B905-466CD982B489}.EUR_GBP|Any CPU.Build.0 = Release|Any CPU
		{64693CE7-F4F8-4BB0-B905-466CD982B489}.EUR_JPY|Any CPU.ActiveCfg = Release|Any CPU
		{64693CE7-F4F8-4BB0-B905-466CD982B489}.EUR_JPY|Any CPU.Build.0 = Release|Any CPU
		{64693CE7-F4F8-4BB0-B905-466CD982B489}.EUR_USD|Any CPU.ActiveCfg = Release|Any CPU
		{64693CE7-F4F8-4BB0-B905-466CD982B489}.EUR_USD|Any CPU.Build.0 = Release|Any CPU
		{64693CE7-F4F8-4BB0-B905-466CD982B489}.FadeApproachLevel|Any CPU.ActiveCfg = Release|Any CPU
		{64693CE7-F4F8-4BB0-B905-466CD982B489}.FadeApproachLevel|Any CPU.Build.0 = Release|Any CPU
		{64693CE7-F4F8-4BB0-B905-466CD982B489}.GBP_JPY|Any CPU.ActiveCfg = Release|Any CPU
		{64693CE7-F4F8-4BB0-B905-466CD982B489}.GBP_JPY|Any CPU.Build.0 = Release|Any CPU
		{64693CE7-F4F8-4BB0-B905-466CD982B489}.NZD_USD|Any CPU.ActiveCfg = Release|Any CPU
		{64693CE7-F4F8-4BB0-B905-466CD982B489}.NZD_USD|Any CPU.Build.0 = Release|Any CPU
		{64693CE7-F4F8-4BB0-B905-466CD982B489}.Oscillating|Any CPU.ActiveCfg = Release|Any CPU
		{64693CE7-F4F8-4BB0-B905-466CD982B489}.Oscillating|Any CPU.Build.0 = Release|Any CPU
		{64693CE7-F4F8-4BB0-B905-466CD982B489}.PriceAction|Any CPU.ActiveCfg = Release|Any CPU
		{64693CE7-F4F8-4BB0-B905-466CD982B489}.PriceAction|Any CPU.Build.0 = Release|Any CPU
		{64693CE7-F4F8-4BB0-B905-466CD982B489}.Propulsion|Any CPU.ActiveCfg = Release|Any CPU
		{64693CE7-F4F8-4BB0-B905-466CD982B489}.Propulsion|Any CPU.Build.0 = Release|Any CPU
		{64693CE7-F4F8-4BB0-B905-466CD982B489}.Release|Any CPU.ActiveCfg = Release|Any CPU
		{64693CE7-F4F8-4BB0-B905-466CD982B489}.Release|Any CPU.Build.0 = Release|Any CPU
		{64693CE7-F4F8-4BB0-B905-466CD982B489}.Strategies|Any CPU.ActiveCfg = Release|Any CPU
		{64693CE7-F4F8-4BB0-B905-466CD982B489}.Strategies|Any CPU.Build.0 = Release|Any CPU
		{64693CE7-F4F8-4BB0-B905-466CD982B489}.Strategies1|Any CPU.ActiveCfg = Release|Any CPU
		{64693CE7-F4F8-4BB0-B905-466CD982B489}.Strategies1|Any CPU.Build.0 = Release|Any CPU
		{64693CE7-F4F8-4BB0-B905-466CD982B489}.Strategies2|Any CPU.ActiveCfg = Release|Any CPU
		{64693CE7-F4F8-4BB0-B905-466CD982B489}.Strategies2|Any CPU.Build.0 = Release|Any CPU
		{64693CE7-F4F8-4BB0-B905-466CD982B489}.Test03|Any CPU.ActiveCfg = Release|Any CPU
		{64693CE7-F4F8-4BB0-B905-466CD982B489}.Test03|Any CPU.Build.0 = Release|Any CPU
		{64693CE7-F4F8-4BB0-B905-466CD982B489}.Test04|Any CPU.ActiveCfg = Release|Any CPU
		{64693CE7-F4F8-4BB0-B905-466CD982B489}.Test04|Any CPU.Build.0 = Release|Any CPU
		{64693CE7-F4F8-4BB0-B905-466CD982B489}.Test05|Any CPU.ActiveCfg = Release|Any CPU
		{64693CE7-F4F8-4BB0-B905-466CD982B489}.Test05|Any CPU.Build.0 = Release|Any CPU
		{64693CE7-F4F8-4BB0-B905-466CD982B489}.Trendiness1|Any CPU.ActiveCfg = Release|Any CPU
		{64693CE7-F4F8-4BB0-B905-466CD982B489}.Trendiness1|Any CPU.Build.0 = Release|Any CPU
		{64693CE7-F4F8-4BB0-B905-466CD982B489}.Trendiness2|Any CPU.ActiveCfg = Release|Any CPU
		{64693CE7-F4F8-4BB0-B905-466CD982B489}.Trendiness2|Any CPU.Build.0 = Release|Any CPU
		{64693CE7-F4F8-4BB0-B905-466CD982B489}.Trendiness3|Any CPU.ActiveCfg = Release|Any CPU
		{64693CE7-F4F8-4BB0-B905-466CD982B489}.Trendiness3|Any CPU.Build.0 = Release|Any CPU
		{64693CE7-F4F8-4BB0-B905-466CD982B489}.Trendiness4|Any CPU.ActiveCfg = Release|Any CPU
		{64693CE7-F4F8-4BB0-B905-466CD982B489}.Trendiness4|Any CPU.Build.0 = Release|Any CPU
		{64693CE7-F4F8-4BB0-B905-466CD982B489}.Trending|Any CPU.ActiveCfg = Release|Any CPU
		{64693CE7-F4F8-4BB0-B905-466CD982B489}.Trending|Any CPU.Build.0 = Release|Any CPU
		{64693CE7-F4F8-4BB0-B905-466CD982B489}.TrendInternals|Any CPU.ActiveCfg = Release|Any CPU
		{64693CE7-F4F8-4BB0-B905-466CD982B489}.TrendInternals|Any CPU.Build.0 = Release|Any CPU
		{64693CE7-F4F8-4BB0-B905-466CD982B489}.TrendyKeltnerOscillation|Any CPU.ActiveCfg = Release|Any CPU
		{64693CE7-F4F8-4BB0-B905-466CD982B489}.TrendyKeltnerOscillation|Any CPU.Build.0 = Release|Any CPU
		{64693CE7-F4F8-4BB0-B905-466CD982B489}.USD_CAD|Any CPU.ActiveCfg = Release|Any CPU
		{64693CE7-F4F8-4BB0-B905-466CD982B489}.USD_CAD|Any CPU.Build.0 = Release|Any CPU
		{64693CE7-F4F8-4BB0-B905-466CD982B489}.USD_CHF|Any CPU.ActiveCfg = Release|Any CPU
		{64693CE7-F4F8-4BB0-B905-466CD982B489}.USD_CHF|Any CPU.Build.0 = Release|Any CPU
		{16EC6155-6AE5-488D-A0AD-E336A94596B0}.AUD_USD|Any CPU.ActiveCfg = Release|Any CPU
		{16EC6155-6AE5-488D-A0AD-E336A94596B0}.AUD_USD|Any CPU.Build.0 = Release|Any CPU
		{16EC6155-6AE5-488D-A0AD-E336A94596B0}.BetSize|Any CPU.ActiveCfg = Release|Any CPU
		{16EC6155-6AE5-488D-A0AD-E336A94596B0}.BetSize|Any CPU.Build.0 = Release|Any CPU
		{16EC6155-6AE5-488D-A0AD-E336A94596B0}.BounceLevel|Any CPU.ActiveCfg = Release|Any CPU
		{16EC6155-6AE5-488D-A0AD-E336A94596B0}.BounceLevel|Any CPU.Build.0 = Release|Any CPU
		{16EC6155-6AE5-488D-A0AD-E336A94596B0}.CongestedLevel|Any CPU.ActiveCfg = Release|Any CPU
		{16EC6155-6AE5-488D-A0AD-E336A94596B0}.CongestedLevel|Any CPU.Build.0 = Release|Any CPU
		{16EC6155-6AE5-488D-A0AD-E336A94596B0}.Debug|Any CPU.ActiveCfg = Debug|Any CPU
		{16EC6155-6AE5-488D-A0AD-E336A94596B0}.Debug|Any CPU.Build.0 = Debug|Any CPU
		{16EC6155-6AE5-488D-A0AD-E336A94596B0}.DZInternals|Any CPU.ActiveCfg = Debug|Any CPU
		{16EC6155-6AE5-488D-A0AD-E336A94596B0}.DZInternals|Any CPU.Build.0 = Debug|Any CPU
		{16EC6155-6AE5-488D-A0AD-E336A94596B0}.EmaCrossover|Any CPU.ActiveCfg = Release|Any CPU
		{16EC6155-6AE5-488D-A0AD-E336A94596B0}.EmaCrossover|Any CPU.Build.0 = Release|Any CPU
		{16EC6155-6AE5-488D-A0AD-E336A94596B0}.EUR_GBP|Any CPU.ActiveCfg = Release|Any CPU
		{16EC6155-6AE5-488D-A0AD-E336A94596B0}.EUR_GBP|Any CPU.Build.0 = Release|Any CPU
		{16EC6155-6AE5-488D-A0AD-E336A94596B0}.EUR_JPY|Any CPU.ActiveCfg = Release|Any CPU
		{16EC6155-6AE5-488D-A0AD-E336A94596B0}.EUR_JPY|Any CPU.Build.0 = Release|Any CPU
		{16EC6155-6AE5-488D-A0AD-E336A94596B0}.EUR_USD|Any CPU.ActiveCfg = Release|Any CPU
		{16EC6155-6AE5-488D-A0AD-E336A94596B0}.EUR_USD|Any CPU.Build.0 = Release|Any CPU
		{16EC6155-6AE5-488D-A0AD-E336A94596B0}.FadeApproachLevel|Any CPU.ActiveCfg = Release|Any CPU
		{16EC6155-6AE5-488D-A0AD-E336A94596B0}.FadeApproachLevel|Any CPU.Build.0 = Release|Any CPU
		{16EC6155-6AE5-488D-A0AD-E336A94596B0}.GBP_JPY|Any CPU.ActiveCfg = Release|Any CPU
		{16EC6155-6AE5-488D-A0AD-E336A94596B0}.GBP_JPY|Any CPU.Build.0 = Release|Any CPU
		{16EC6155-6AE5-488D-A0AD-E336A94596B0}.NZD_USD|Any CPU.ActiveCfg = Release|Any CPU
		{16EC6155-6AE5-488D-A0AD-E336A94596B0}.NZD_USD|Any CPU.Build.0 = Release|Any CPU
		{16EC6155-6AE5-488D-A0AD-E336A94596B0}.Oscillating|Any CPU.ActiveCfg = Release|Any CPU
		{16EC6155-6AE5-488D-A0AD-E336A94596B0}.Oscillating|Any CPU.Build.0 = Release|Any CPU
		{16EC6155-6AE5-488D-A0AD-E336A94596B0}.PriceAction|Any CPU.ActiveCfg = Release|Any CPU
		{16EC6155-6AE5-488D-A0AD-E336A94596B0}.PriceAction|Any CPU.Build.0 = Release|Any CPU
		{16EC6155-6AE5-488D-A0AD-E336A94596B0}.Propulsion|Any CPU.ActiveCfg = Release|Any CPU
		{16EC6155-6AE5-488D-A0AD-E336A94596B0}.Propulsion|Any CPU.Build.0 = Release|Any CPU
		{16EC6155-6AE5-488D-A0AD-E336A94596B0}.Release|Any CPU.ActiveCfg = Release|Any CPU
		{16EC6155-6AE5-488D-A0AD-E336A94596B0}.Release|Any CPU.Build.0 = Release|Any CPU
		{16EC6155-6AE5-488D-A0AD-E336A94596B0}.Strategies|Any CPU.ActiveCfg = Release|Any CPU
		{16EC6155-6AE5-488D-A0AD-E336A94596B0}.Strategies|Any CPU.Build.0 = Release|Any CPU
		{16EC6155-6AE5-488D-A0AD-E336A94596B0}.Strategies1|Any CPU.ActiveCfg = Release|Any CPU
		{16EC6155-6AE5-488D-A0AD-E336A94596B0}.Strategies1|Any CPU.Build.0 = Release|Any CPU
		{16EC6155-6AE5-488D-A0AD-E336A94596B0}.Strategies2|Any CPU.ActiveCfg = Release|Any CPU
		{16EC6155-6AE5-488D-A0AD-E336A94596B0}.Strategies2|Any CPU.Build.0 = Release|Any CPU
		{16EC6155-6AE5-488D-A0AD-E336A94596B0}.Test03|Any CPU.ActiveCfg = Release|Any CPU
		{16EC6155-6AE5-488D-A0AD-E336A94596B0}.Test03|Any CPU.Build.0 = Release|Any CPU
		{16EC6155-6AE5-488D-A0AD-E336A94596B0}.Test04|Any CPU.ActiveCfg = Release|Any CPU
		{16EC6155-6AE5-488D-A0AD-E336A94596B0}.Test04|Any CPU.Build.0 = Release|Any CPU
		{16EC6155-6AE5-488D-A0AD-E336A94596B0}.Test05|Any CPU.ActiveCfg = Release|Any CPU
		{16EC6155-6AE5-488D-A0AD-E336A94596B0}.Test05|Any CPU.Build.0 = Release|Any CPU
		{16EC6155-6AE5-488D-A0AD-E336A94596B0}.Trendiness1|Any CPU.ActiveCfg = Release|Any CPU
		{16EC6155-6AE5-488D-A0AD-E336A94596B0}.Trendiness1|Any CPU.Build.0 = Release|Any CPU
		{16EC6155-6AE5-488D-A0AD-E336A94596B0}.Trendiness2|Any CPU.ActiveCfg = Release|Any CPU
		{16EC6155-6AE5-488D-A0AD-E336A94596B0}.Trendiness2|Any CPU.Build.0 = Release|Any CPU
		{16EC6155-6AE5-488D-A0AD-E336A94596B0}.Trendiness3|Any CPU.ActiveCfg = Release|Any CPU
		{16EC6155-6AE5-488D-A0AD-E336A94596B0}.Trendiness3|Any CPU.Build.0 = Release|Any CPU
		{16EC6155-6AE5-488D-A0AD-E336A94596B0}.Trendiness4|Any CPU.ActiveCfg = Release|Any CPU
		{16EC6155-6AE5-488D-A0AD-E336A94596B0}.Trendiness4|Any CPU.Build.0 = Release|Any CPU
		{16EC6155-6AE5-488D-A0AD-E336A94596B0}.Trending|Any CPU.ActiveCfg = Release|Any CPU
		{16EC6155-6AE5-488D-A0AD-E336A94596B0}.Trending|Any CPU.Build.0 = Release|Any CPU
		{16EC6155-6AE5-488D-A0AD-E336A94596B0}.TrendInternals|Any CPU.ActiveCfg = Release|Any CPU
		{16EC6155-6AE5-488D-A0AD-E336A94596B0}.TrendInternals|Any CPU.Build.0 = Release|Any CPU
		{16EC6155-6AE5-488D-A0AD-E336A94596B0}.TrendyKeltnerOscillation|Any CPU.ActiveCfg = Release|Any CPU
		{16EC6155-6AE5-488D-A0AD-E336A94596B0}.TrendyKeltnerOscillation|Any CPU.Build.0 = Release|Any CPU
		{16EC6155-6AE5-488D-A0AD-E336A94596B0}.USD_CAD|Any CPU.ActiveCfg = Release|Any CPU
		{16EC6155-6AE5-488D-A0AD-E336A94596B0}.USD_CAD|Any CPU.Build.0 = Release|Any CPU
		{16EC6155-6AE5-488D-A0AD-E336A94596B0}.USD_CHF|Any CPU.ActiveCfg = Release|Any CPU
		{16EC6155-6AE5-488D-A0AD-E336A94596B0}.USD_CHF|Any CPU.Build.0 = Release|Any CPU
		{F19549EB-8F8F-4F46-8561-F1E5692783FC}.AUD_USD|Any CPU.ActiveCfg = Release|Any CPU
		{F19549EB-8F8F-4F46-8561-F1E5692783FC}.AUD_USD|Any CPU.Build.0 = Release|Any CPU
		{F19549EB-8F8F-4F46-8561-F1E5692783FC}.BetSize|Any CPU.ActiveCfg = Release|Any CPU
		{F19549EB-8F8F-4F46-8561-F1E5692783FC}.BetSize|Any CPU.Build.0 = Release|Any CPU
		{F19549EB-8F8F-4F46-8561-F1E5692783FC}.BounceLevel|Any CPU.ActiveCfg = Release|Any CPU
		{F19549EB-8F8F-4F46-8561-F1E5692783FC}.BounceLevel|Any CPU.Build.0 = Release|Any CPU
		{F19549EB-8F8F-4F46-8561-F1E5692783FC}.CongestedLevel|Any CPU.ActiveCfg = Release|Any CPU
		{F19549EB-8F8F-4F46-8561-F1E5692783FC}.CongestedLevel|Any CPU.Build.0 = Release|Any CPU
		{F19549EB-8F8F-4F46-8561-F1E5692783FC}.Debug|Any CPU.ActiveCfg = Debug|Any CPU
		{F19549EB-8F8F-4F46-8561-F1E5692783FC}.Debug|Any CPU.Build.0 = Debug|Any CPU
		{F19549EB-8F8F-4F46-8561-F1E5692783FC}.DZInternals|Any CPU.ActiveCfg = Debug|Any CPU
		{F19549EB-8F8F-4F46-8561-F1E5692783FC}.DZInternals|Any CPU.Build.0 = Debug|Any CPU
		{F19549EB-8F8F-4F46-8561-F1E5692783FC}.EmaCrossover|Any CPU.ActiveCfg = Release|Any CPU
		{F19549EB-8F8F-4F46-8561-F1E5692783FC}.EmaCrossover|Any CPU.Build.0 = Release|Any CPU
		{F19549EB-8F8F-4F46-8561-F1E5692783FC}.EUR_GBP|Any CPU.ActiveCfg = Release|Any CPU
		{F19549EB-8F8F-4F46-8561-F1E5692783FC}.EUR_GBP|Any CPU.Build.0 = Release|Any CPU
		{F19549EB-8F8F-4F46-8561-F1E5692783FC}.EUR_JPY|Any CPU.ActiveCfg = Release|Any CPU
		{F19549EB-8F8F-4F46-8561-F1E5692783FC}.EUR_JPY|Any CPU.Build.0 = Release|Any CPU
		{F19549EB-8F8F-4F46-8561-F1E5692783FC}.EUR_USD|Any CPU.ActiveCfg = Release|Any CPU
		{F19549EB-8F8F-4F46-8561-F1E5692783FC}.EUR_USD|Any CPU.Build.0 = Release|Any CPU
		{F19549EB-8F8F-4F46-8561-F1E5692783FC}.FadeApproachLevel|Any CPU.ActiveCfg = Release|Any CPU
		{F19549EB-8F8F-4F46-8561-F1E5692783FC}.FadeApproachLevel|Any CPU.Build.0 = Release|Any CPU
		{F19549EB-8F8F-4F46-8561-F1E5692783FC}.GBP_JPY|Any CPU.ActiveCfg = Release|Any CPU
		{F19549EB-8F8F-4F46-8561-F1E5692783FC}.GBP_JPY|Any CPU.Build.0 = Release|Any CPU
		{F19549EB-8F8F-4F46-8561-F1E5692783FC}.NZD_USD|Any CPU.ActiveCfg = Release|Any CPU
		{F19549EB-8F8F-4F46-8561-F1E5692783FC}.NZD_USD|Any CPU.Build.0 = Release|Any CPU
		{F19549EB-8F8F-4F46-8561-F1E5692783FC}.Oscillating|Any CPU.ActiveCfg = Release|Any CPU
		{F19549EB-8F8F-4F46-8561-F1E5692783FC}.Oscillating|Any CPU.Build.0 = Release|Any CPU
		{F19549EB-8F8F-4F46-8561-F1E5692783FC}.PriceAction|Any CPU.ActiveCfg = Release|Any CPU
		{F19549EB-8F8F-4F46-8561-F1E5692783FC}.PriceAction|Any CPU.Build.0 = Release|Any CPU
		{F19549EB-8F8F-4F46-8561-F1E5692783FC}.Propulsion|Any CPU.ActiveCfg = Release|Any CPU
		{F19549EB-8F8F-4F46-8561-F1E5692783FC}.Propulsion|Any CPU.Build.0 = Release|Any CPU
		{F19549EB-8F8F-4F46-8561-F1E5692783FC}.Release|Any CPU.ActiveCfg = Release|Any CPU
		{F19549EB-8F8F-4F46-8561-F1E5692783FC}.Release|Any CPU.Build.0 = Release|Any CPU
		{F19549EB-8F8F-4F46-8561-F1E5692783FC}.Strategies|Any CPU.ActiveCfg = Release|Any CPU
		{F19549EB-8F8F-4F46-8561-F1E5692783FC}.Strategies|Any CPU.Build.0 = Release|Any CPU
		{F19549EB-8F8F-4F46-8561-F1E5692783FC}.Strategies1|Any CPU.ActiveCfg = Release|Any CPU
		{F19549EB-8F8F-4F46-8561-F1E5692783FC}.Strategies1|Any CPU.Build.0 = Release|Any CPU
		{F19549EB-8F8F-4F46-8561-F1E5692783FC}.Strategies2|Any CPU.ActiveCfg = Release|Any CPU
		{F19549EB-8F8F-4F46-8561-F1E5692783FC}.Strategies2|Any CPU.Build.0 = Release|Any CPU
		{F19549EB-8F8F-4F46-8561-F1E5692783FC}.Test03|Any CPU.ActiveCfg = Release|Any CPU
		{F19549EB-8F8F-4F46-8561-F1E5692783FC}.Test03|Any CPU.Build.0 = Release|Any CPU
		{F19549EB-8F8F-4F46-8561-F1E5692783FC}.Test04|Any CPU.ActiveCfg = Release|Any CPU
		{F19549EB-8F8F-4F46-8561-F1E5692783FC}.Test04|Any CPU.Build.0 = Release|Any CPU
		{F19549EB-8F8F-4F46-8561-F1E5692783FC}.Test05|Any CPU.ActiveCfg = Release|Any CPU
		{F19549EB-8F8F-4F46-8561-F1E5692783FC}.Test05|Any CPU.Build.0 = Release|Any CPU
		{F19549EB-8F8F-4F46-8561-F1E5692783FC}.Trendiness1|Any CPU.ActiveCfg = Release|Any CPU
		{F19549EB-8F8F-4F46-8561-F1E5692783FC}.Trendiness1|Any CPU.Build.0 = Release|Any CPU
		{F19549EB-8F8F-4F46-8561-F1E5692783FC}.Trendiness2|Any CPU.ActiveCfg = Release|Any CPU
		{F19549EB-8F8F-4F46-8561-F1E5692783FC}.Trendiness2|Any CPU.Build.0 = Release|Any CPU
		{F19549EB-8F8F-4F46-8561-F1E5692783FC}.Trendiness3|Any CPU.ActiveCfg = Release|Any CPU
		{F19549EB-8F8F-4F46-8561-F1E5692783FC}.Trendiness3|Any CPU.Build.0 = Release|Any CPU
		{F19549EB-8F8F-4F46-8561-F1E5692783FC}.Trendiness4|Any CPU.ActiveCfg = Release|Any CPU
		{F19549EB-8F8F-4F46-8561-F1E5692783FC}.Trendiness4|Any CPU.Build.0 = Release|Any CPU
		{F19549EB-8F8F-4F46-8561-F1E5692783FC}.Trending|Any CPU.ActiveCfg = Release|Any CPU
		{F19549EB-8F8F-4F46-8561-F1E5692783FC}.Trending|Any CPU.Build.0 = Release|Any CPU
		{F19549EB-8F8F-4F46-8561-F1E5692783FC}.TrendInternals|Any CPU.ActiveCfg = Release|Any CPU
		{F19549EB-8F8F-4F46-8561-F1E5692783FC}.TrendInternals|Any CPU.Build.0 = Release|Any CPU
		{F19549EB-8F8F-4F46-8561-F1E5692783FC}.TrendyKeltnerOscillation|Any CPU.ActiveCfg = Release|Any CPU
		{F19549EB-8F8F-4F46-8561-F1E5692783FC}.TrendyKeltnerOscillation|Any CPU.Build.0 = Release|Any CPU
		{F19549EB-8F8F-4F46-8561-F1E5692783FC}.USD_CAD|Any CPU.ActiveCfg = Release|Any CPU
		{F19549EB-8F8F-4F46-8561-F1E5692783FC}.USD_CAD|Any CPU.Build.0 = Release|Any CPU
		{F19549EB-8F8F-4F46-8561-F1E5692783FC}.USD_CHF|Any CPU.ActiveCfg = Release|Any CPU
		{F19549EB-8F8F-4F46-8561-F1E5692783FC}.USD_CHF|Any CPU.Build.0 = Release|Any CPU
		{41ACB6ED-9EF1-4DD6-88F3-F8E4467FCE6B}.AUD_USD|Any CPU.ActiveCfg = Release|Any CPU
		{41ACB6ED-9EF1-4DD6-88F3-F8E4467FCE6B}.AUD_USD|Any CPU.Build.0 = Release|Any CPU
		{41ACB6ED-9EF1-4DD6-88F3-F8E4467FCE6B}.BetSize|Any CPU.ActiveCfg = Release|Any CPU
		{41ACB6ED-9EF1-4DD6-88F3-F8E4467FCE6B}.BetSize|Any CPU.Build.0 = Release|Any CPU
		{41ACB6ED-9EF1-4DD6-88F3-F8E4467FCE6B}.BounceLevel|Any CPU.ActiveCfg = Release|Any CPU
		{41ACB6ED-9EF1-4DD6-88F3-F8E4467FCE6B}.BounceLevel|Any CPU.Build.0 = Release|Any CPU
		{41ACB6ED-9EF1-4DD6-88F3-F8E4467FCE6B}.CongestedLevel|Any CPU.ActiveCfg = Release|Any CPU
		{41ACB6ED-9EF1-4DD6-88F3-F8E4467FCE6B}.CongestedLevel|Any CPU.Build.0 = Release|Any CPU
		{41ACB6ED-9EF1-4DD6-88F3-F8E4467FCE6B}.Debug|Any CPU.ActiveCfg = Debug|Any CPU
		{41ACB6ED-9EF1-4DD6-88F3-F8E4467FCE6B}.Debug|Any CPU.Build.0 = Debug|Any CPU
		{41ACB6ED-9EF1-4DD6-88F3-F8E4467FCE6B}.DZInternals|Any CPU.ActiveCfg = Debug|Any CPU
		{41ACB6ED-9EF1-4DD6-88F3-F8E4467FCE6B}.DZInternals|Any CPU.Build.0 = Debug|Any CPU
		{41ACB6ED-9EF1-4DD6-88F3-F8E4467FCE6B}.EmaCrossover|Any CPU.ActiveCfg = Release|Any CPU
		{41ACB6ED-9EF1-4DD6-88F3-F8E4467FCE6B}.EmaCrossover|Any CPU.Build.0 = Release|Any CPU
		{41ACB6ED-9EF1-4DD6-88F3-F8E4467FCE6B}.EUR_GBP|Any CPU.ActiveCfg = Release|Any CPU
		{41ACB6ED-9EF1-4DD6-88F3-F8E4467FCE6B}.EUR_GBP|Any CPU.Build.0 = Release|Any CPU
		{41ACB6ED-9EF1-4DD6-88F3-F8E4467FCE6B}.EUR_JPY|Any CPU.ActiveCfg = Release|Any CPU
		{41ACB6ED-9EF1-4DD6-88F3-F8E4467FCE6B}.EUR_JPY|Any CPU.Build.0 = Release|Any CPU
		{41ACB6ED-9EF1-4DD6-88F3-F8E4467FCE6B}.EUR_USD|Any CPU.ActiveCfg = Release|Any CPU
		{41ACB6ED-9EF1-4DD6-88F3-F8E4467FCE6B}.EUR_USD|Any CPU.Build.0 = Release|Any CPU
		{41ACB6ED-9EF1-4DD6-88F3-F8E4467FCE6B}.FadeApproachLevel|Any CPU.ActiveCfg = Release|Any CPU
		{41ACB6ED-9EF1-4DD6-88F3-F8E4467FCE6B}.FadeApproachLevel|Any CPU.Build.0 = Release|Any CPU
		{41ACB6ED-9EF1-4DD6-88F3-F8E4467FCE6B}.GBP_JPY|Any CPU.ActiveCfg = Release|Any CPU
		{41ACB6ED-9EF1-4DD6-88F3-F8E4467FCE6B}.GBP_JPY|Any CPU.Build.0 = Release|Any CPU
		{41ACB6ED-9EF1-4DD6-88F3-F8E4467FCE6B}.NZD_USD|Any CPU.ActiveCfg = Release|Any CPU
		{41ACB6ED-9EF1-4DD6-88F3-F8E4467FCE6B}.NZD_USD|Any CPU.Build.0 = Release|Any CPU
		{41ACB6ED-9EF1-4DD6-88F3-F8E4467FCE6B}.Oscillating|Any CPU.ActiveCfg = Release|Any CPU
		{41ACB6ED-9EF1-4DD6-88F3-F8E4467FCE6B}.Oscillating|Any CPU.Build.0 = Release|Any CPU
		{41ACB6ED-9EF1-4DD6-88F3-F8E4467FCE6B}.PriceAction|Any CPU.ActiveCfg = Release|Any CPU
		{41ACB6ED-9EF1-4DD6-88F3-F8E4467FCE6B}.PriceAction|Any CPU.Build.0 = Release|Any CPU
		{41ACB6ED-9EF1-4DD6-88F3-F8E4467FCE6B}.Propulsion|Any CPU.ActiveCfg = Release|Any CPU
		{41ACB6ED-9EF1-4DD6-88F3-F8E4467FCE6B}.Propulsion|Any CPU.Build.0 = Release|Any CPU
		{41ACB6ED-9EF1-4DD6-88F3-F8E4467FCE6B}.Release|Any CPU.ActiveCfg = Release|Any CPU
		{41ACB6ED-9EF1-4DD6-88F3-F8E4467FCE6B}.Release|Any CPU.Build.0 = Release|Any CPU
		{41ACB6ED-9EF1-4DD6-88F3-F8E4467FCE6B}.Strategies|Any CPU.ActiveCfg = Release|Any CPU
		{41ACB6ED-9EF1-4DD6-88F3-F8E4467FCE6B}.Strategies|Any CPU.Build.0 = Release|Any CPU
		{41ACB6ED-9EF1-4DD6-88F3-F8E4467FCE6B}.Strategies1|Any CPU.ActiveCfg = Release|Any CPU
		{41ACB6ED-9EF1-4DD6-88F3-F8E4467FCE6B}.Strategies1|Any CPU.Build.0 = Release|Any CPU
		{41ACB6ED-9EF1-4DD6-88F3-F8E4467FCE6B}.Strategies2|Any CPU.ActiveCfg = Release|Any CPU
		{41ACB6ED-9EF1-4DD6-88F3-F8E4467FCE6B}.Strategies2|Any CPU.Build.0 = Release|Any CPU
		{41ACB6ED-9EF1-4DD6-88F3-F8E4467FCE6B}.Test03|Any CPU.ActiveCfg = Release|Any CPU
		{41ACB6ED-9EF1-4DD6-88F3-F8E4467FCE6B}.Test03|Any CPU.Build.0 = Release|Any CPU
		{41ACB6ED-9EF1-4DD6-88F3-F8E4467FCE6B}.Test04|Any CPU.ActiveCfg = Release|Any CPU
		{41ACB6ED-9EF1-4DD6-88F3-F8E4467FCE6B}.Test04|Any CPU.Build.0 = Release|Any CPU
		{41ACB6ED-9EF1-4DD6-88F3-F8E4467FCE6B}.Test05|Any CPU.ActiveCfg = Release|Any CPU
		{41ACB6ED-9EF1-4DD6-88F3-F8E4467FCE6B}.Test05|Any CPU.Build.0 = Release|Any CPU
		{41ACB6ED-9EF1-4DD6-88F3-F8E4467FCE6B}.Trendiness1|Any CPU.ActiveCfg = Release|Any CPU
		{41ACB6ED-9EF1-4DD6-88F3-F8E4467FCE6B}.Trendiness1|Any CPU.Build.0 = Release|Any CPU
		{41ACB6ED-9EF1-4DD6-88F3-F8E4467FCE6B}.Trendiness2|Any CPU.ActiveCfg = Release|Any CPU
		{41ACB6ED-9EF1-4DD6-88F3-F8E4467FCE6B}.Trendiness2|Any CPU.Build.0 = Release|Any CPU
		{41ACB6ED-9EF1-4DD6-88F3-F8E4467FCE6B}.Trendiness3|Any CPU.ActiveCfg = Release|Any CPU
		{41ACB6ED-9EF1-4DD6-88F3-F8E4467FCE6B}.Trendiness3|Any CPU.Build.0 = Release|Any CPU
		{41ACB6ED-9EF1-4DD6-88F3-F8E4467FCE6B}.Trendiness4|Any CPU.ActiveCfg = Release|Any CPU
		{41ACB6ED-9EF1-4DD6-88F3-F8E4467FCE6B}.Trendiness4|Any CPU.Build.0 = Release|Any CPU
		{41ACB6ED-9EF1-4DD6-88F3-F8E4467FCE6B}.Trending|Any CPU.ActiveCfg = Release|Any CPU
		{41ACB6ED-9EF1-4DD6-88F3-F8E4467FCE6B}.Trending|Any CPU.Build.0 = Release|Any CPU
		{41ACB6ED-9EF1-4DD6-88F3-F8E4467FCE6B}.TrendInternals|Any CPU.ActiveCfg = Release|Any CPU
		{41ACB6ED-9EF1-4DD6-88F3-F8E4467FCE6B}.TrendInternals|Any CPU.Build.0 = Release|Any CPU
		{41ACB6ED-9EF1-4DD6-88F3-F8E4467FCE6B}.TrendyKeltnerOscillation|Any CPU.ActiveCfg = Release|Any CPU
		{41ACB6ED-9EF1-4DD6-88F3-F8E4467FCE6B}.TrendyKeltnerOscillation|Any CPU.Build.0 = Release|Any CPU
		{41ACB6ED-9EF1-4DD6-88F3-F8E4467FCE6B}.USD_CAD|Any CPU.ActiveCfg = Release|Any CPU
		{41ACB6ED-9EF1-4DD6-88F3-F8E4467FCE6B}.USD_CAD|Any CPU.Build.0 = Release|Any CPU
		{41ACB6ED-9EF1-4DD6-88F3-F8E4467FCE6B}.USD_CHF|Any CPU.ActiveCfg = Release|Any CPU
		{41ACB6ED-9EF1-4DD6-88F3-F8E4467FCE6B}.USD_CHF|Any CPU.Build.0 = Release|Any CPU
		{7AB9F473-F17F-45BC-9AF4-823695A2E8DD}.AUD_USD|Any CPU.ActiveCfg = Release|Any CPU
		{7AB9F473-F17F-45BC-9AF4-823695A2E8DD}.AUD_USD|Any CPU.Build.0 = Release|Any CPU
		{7AB9F473-F17F-45BC-9AF4-823695A2E8DD}.BetSize|Any CPU.ActiveCfg = Release|Any CPU
		{7AB9F473-F17F-45BC-9AF4-823695A2E8DD}.BetSize|Any CPU.Build.0 = Release|Any CPU
		{7AB9F473-F17F-45BC-9AF4-823695A2E8DD}.BounceLevel|Any CPU.ActiveCfg = Release|Any CPU
		{7AB9F473-F17F-45BC-9AF4-823695A2E8DD}.BounceLevel|Any CPU.Build.0 = Release|Any CPU
		{7AB9F473-F17F-45BC-9AF4-823695A2E8DD}.CongestedLevel|Any CPU.ActiveCfg = Release|Any CPU
		{7AB9F473-F17F-45BC-9AF4-823695A2E8DD}.CongestedLevel|Any CPU.Build.0 = Release|Any CPU
		{7AB9F473-F17F-45BC-9AF4-823695A2E8DD}.Debug|Any CPU.ActiveCfg = Debug|Any CPU
		{7AB9F473-F17F-45BC-9AF4-823695A2E8DD}.Debug|Any CPU.Build.0 = Debug|Any CPU
		{7AB9F473-F17F-45BC-9AF4-823695A2E8DD}.DZInternals|Any CPU.ActiveCfg = Debug|Any CPU
		{7AB9F473-F17F-45BC-9AF4-823695A2E8DD}.DZInternals|Any CPU.Build.0 = Debug|Any CPU
		{7AB9F473-F17F-45BC-9AF4-823695A2E8DD}.EmaCrossover|Any CPU.ActiveCfg = Release|Any CPU
		{7AB9F473-F17F-45BC-9AF4-823695A2E8DD}.EmaCrossover|Any CPU.Build.0 = Release|Any CPU
		{7AB9F473-F17F-45BC-9AF4-823695A2E8DD}.EUR_GBP|Any CPU.ActiveCfg = Release|Any CPU
		{7AB9F473-F17F-45BC-9AF4-823695A2E8DD}.EUR_GBP|Any CPU.Build.0 = Release|Any CPU
		{7AB9F473-F17F-45BC-9AF4-823695A2E8DD}.EUR_JPY|Any CPU.ActiveCfg = Release|Any CPU
		{7AB9F473-F17F-45BC-9AF4-823695A2E8DD}.EUR_JPY|Any CPU.Build.0 = Release|Any CPU
		{7AB9F473-F17F-45BC-9AF4-823695A2E8DD}.EUR_USD|Any CPU.ActiveCfg = Release|Any CPU
		{7AB9F473-F17F-45BC-9AF4-823695A2E8DD}.EUR_USD|Any CPU.Build.0 = Release|Any CPU
		{7AB9F473-F17F-45BC-9AF4-823695A2E8DD}.FadeApproachLevel|Any CPU.ActiveCfg = Release|Any CPU
		{7AB9F473-F17F-45BC-9AF4-823695A2E8DD}.FadeApproachLevel|Any CPU.Build.0 = Release|Any CPU
		{7AB9F473-F17F-45BC-9AF4-823695A2E8DD}.GBP_JPY|Any CPU.ActiveCfg = Release|Any CPU
		{7AB9F473-F17F-45BC-9AF4-823695A2E8DD}.GBP_JPY|Any CPU.Build.0 = Release|Any CPU
		{7AB9F473-F17F-45BC-9AF4-823695A2E8DD}.NZD_USD|Any CPU.ActiveCfg = Release|Any CPU
		{7AB9F473-F17F-45BC-9AF4-823695A2E8DD}.NZD_USD|Any CPU.Build.0 = Release|Any CPU
		{7AB9F473-F17F-45BC-9AF4-823695A2E8DD}.Oscillating|Any CPU.ActiveCfg = Release|Any CPU
		{7AB9F473-F17F-45BC-9AF4-823695A2E8DD}.Oscillating|Any CPU.Build.0 = Release|Any CPU
		{7AB9F473-F17F-45BC-9AF4-823695A2E8DD}.PriceAction|Any CPU.ActiveCfg = Release|Any CPU
		{7AB9F473-F17F-45BC-9AF4-823695A2E8DD}.PriceAction|Any CPU.Build.0 = Release|Any CPU
		{7AB9F473-F17F-45BC-9AF4-823695A2E8DD}.Propulsion|Any CPU.ActiveCfg = Release|Any CPU
		{7AB9F473-F17F-45BC-9AF4-823695A2E8DD}.Propulsion|Any CPU.Build.0 = Release|Any CPU
		{7AB9F473-F17F-45BC-9AF4-823695A2E8DD}.Release|Any CPU.ActiveCfg = Release|Any CPU
		{7AB9F473-F17F-45BC-9AF4-823695A2E8DD}.Release|Any CPU.Build.0 = Release|Any CPU
		{7AB9F473-F17F-45BC-9AF4-823695A2E8DD}.Strategies|Any CPU.ActiveCfg = Release|Any CPU
		{7AB9F473-F17F-45BC-9AF4-823695A2E8DD}.Strategies|Any CPU.Build.0 = Release|Any CPU
		{7AB9F473-F17F-45BC-9AF4-823695A2E8DD}.Strategies1|Any CPU.ActiveCfg = Release|Any CPU
		{7AB9F473-F17F-45BC-9AF4-823695A2E8DD}.Strategies1|Any CPU.Build.0 = Release|Any CPU
		{7AB9F473-F17F-45BC-9AF4-823695A2E8DD}.Strategies2|Any CPU.ActiveCfg = Release|Any CPU
		{7AB9F473-F17F-45BC-9AF4-823695A2E8DD}.Strategies2|Any CPU.Build.0 = Release|Any CPU
		{7AB9F473-F17F-45BC-9AF4-823695A2E8DD}.Test03|Any CPU.ActiveCfg = Release|Any CPU
		{7AB9F473-F17F-45BC-9AF4-823695A2E8DD}.Test03|Any CPU.Build.0 = Release|Any CPU
		{7AB9F473-F17F-45BC-9AF4-823695A2E8DD}.Test04|Any CPU.ActiveCfg = Release|Any CPU
		{7AB9F473-F17F-45BC-9AF4-823695A2E8DD}.Test04|Any CPU.Build.0 = Release|Any CPU
		{7AB9F473-F17F-45BC-9AF4-823695A2E8DD}.Test05|Any CPU.ActiveCfg = Release|Any CPU
		{7AB9F473-F17F-45BC-9AF4-823695A2E8DD}.Test05|Any CPU.Build.0 = Release|Any CPU
		{7AB9F473-F17F-45BC-9AF4-823695A2E8DD}.Trendiness1|Any CPU.ActiveCfg = Release|Any CPU
		{7AB9F473-F17F-45BC-9AF4-823695A2E8DD}.Trendiness1|Any CPU.Build.0 = Release|Any CPU
		{7AB9F473-F17F-45BC-9AF4-823695A2E8DD}.Trendiness2|Any CPU.ActiveCfg = Release|Any CPU
		{7AB9F473-F17F-45BC-9AF4-823695A2E8DD}.Trendiness2|Any CPU.Build.0 = Release|Any CPU
		{7AB9F473-F17F-45BC-9AF4-823695A2E8DD}.Trendiness3|Any CPU.ActiveCfg = Release|Any CPU
		{7AB9F473-F17F-45BC-9AF4-823695A2E8DD}.Trendiness3|Any CPU.Build.0 = Release|Any CPU
		{7AB9F473-F17F-45BC-9AF4-823695A2E8DD}.Trendiness4|Any CPU.ActiveCfg = Release|Any CPU
		{7AB9F473-F17F-45BC-9AF4-823695A2E8DD}.Trendiness4|Any CPU.Build.0 = Release|Any CPU
		{7AB9F473-F17F-45BC-9AF4-823695A2E8DD}.Trending|Any CPU.ActiveCfg = Release|Any CPU
		{7AB9F473-F17F-45BC-9AF4-823695A2E8DD}.Trending|Any CPU.Build.0 = Release|Any CPU
		{7AB9F473-F17F-45BC-9AF4-823695A2E8DD}.TrendInternals|Any CPU.ActiveCfg = Release|Any CPU
		{7AB9F473-F17F-45BC-9AF4-823695A2E8DD}.TrendInternals|Any CPU.Build.0 = Release|Any CPU
		{7AB9F473-F17F-45BC-9AF4-823695A2E8DD}.TrendyKeltnerOscillation|Any CPU.ActiveCfg = Release|Any CPU
		{7AB9F473-F17F-45BC-9AF4-823695A2E8DD}.TrendyKeltnerOscillation|Any CPU.Build.0 = Release|Any CPU
		{7AB9F473-F17F-45BC-9AF4-823695A2E8DD}.USD_CAD|Any CPU.ActiveCfg = Release|Any CPU
		{7AB9F473-F17F-45BC-9AF4-823695A2E8DD}.USD_CAD|Any CPU.Build.0 = Release|Any CPU
		{7AB9F473-F17F-45BC-9AF4-823695A2E8DD}.USD_CHF|Any CPU.ActiveCfg = Release|Any CPU
		{7AB9F473-F17F-45BC-9AF4-823695A2E8DD}.USD_CHF|Any CPU.Build.0 = Release|Any CPU
		{670AD73B-553E-4437-B54C-0A91D8C0348F}.AUD_USD|Any CPU.ActiveCfg = AUD_USD|Any CPU
		{670AD73B-553E-4437-B54C-0A91D8C0348F}.AUD_USD|Any CPU.Build.0 = AUD_USD|Any CPU
		{670AD73B-553E-4437-B54C-0A91D8C0348F}.BetSize|Any CPU.ActiveCfg = BetSize|Any CPU
		{670AD73B-553E-4437-B54C-0A91D8C0348F}.BetSize|Any CPU.Build.0 = BetSize|Any CPU
		{670AD73B-553E-4437-B54C-0A91D8C0348F}.BounceLevel|Any CPU.ActiveCfg = BounceLevel|Any CPU
		{670AD73B-553E-4437-B54C-0A91D8C0348F}.BounceLevel|Any CPU.Build.0 = BounceLevel|Any CPU
		{670AD73B-553E-4437-B54C-0A91D8C0348F}.CongestedLevel|Any CPU.ActiveCfg = CongestedLevel|Any CPU
		{670AD73B-553E-4437-B54C-0A91D8C0348F}.CongestedLevel|Any CPU.Build.0 = CongestedLevel|Any CPU
		{670AD73B-553E-4437-B54C-0A91D8C0348F}.Debug|Any CPU.ActiveCfg = Debug|Any CPU
		{670AD73B-553E-4437-B54C-0A91D8C0348F}.Debug|Any CPU.Build.0 = Debug|Any CPU
		{670AD73B-553E-4437-B54C-0A91D8C0348F}.DZInternals|Any CPU.ActiveCfg = DZInternals|Any CPU
		{670AD73B-553E-4437-B54C-0A91D8C0348F}.DZInternals|Any CPU.Build.0 = DZInternals|Any CPU
		{670AD73B-553E-4437-B54C-0A91D8C0348F}.EmaCrossover|Any CPU.ActiveCfg = EmaCrossover|Any CPU
		{670AD73B-553E-4437-B54C-0A91D8C0348F}.EmaCrossover|Any CPU.Build.0 = EmaCrossover|Any CPU
		{670AD73B-553E-4437-B54C-0A91D8C0348F}.EUR_GBP|Any CPU.ActiveCfg = EUR_GBP|Any CPU
		{670AD73B-553E-4437-B54C-0A91D8C0348F}.EUR_GBP|Any CPU.Build.0 = EUR_GBP|Any CPU
		{670AD73B-553E-4437-B54C-0A91D8C0348F}.EUR_JPY|Any CPU.ActiveCfg = EUR_JPY|Any CPU
		{670AD73B-553E-4437-B54C-0A91D8C0348F}.EUR_JPY|Any CPU.Build.0 = EUR_JPY|Any CPU
		{670AD73B-553E-4437-B54C-0A91D8C0348F}.EUR_USD|Any CPU.ActiveCfg = EUR_USD|Any CPU
		{670AD73B-553E-4437-B54C-0A91D8C0348F}.EUR_USD|Any CPU.Build.0 = EUR_USD|Any CPU
		{670AD73B-553E-4437-B54C-0A91D8C0348F}.FadeApproachLevel|Any CPU.ActiveCfg = FadeApproachLevel|Any CPU
		{670AD73B-553E-4437-B54C-0A91D8C0348F}.FadeApproachLevel|Any CPU.Build.0 = FadeApproachLevel|Any CPU
		{670AD73B-553E-4437-B54C-0A91D8C0348F}.GBP_JPY|Any CPU.ActiveCfg = GBP_JPY|Any CPU
		{670AD73B-553E-4437-B54C-0A91D8C0348F}.GBP_JPY|Any CPU.Build.0 = GBP_JPY|Any CPU
		{670AD73B-553E-4437-B54C-0A91D8C0348F}.NZD_USD|Any CPU.ActiveCfg = NZD_USD|Any CPU
		{670AD73B-553E-4437-B54C-0A91D8C0348F}.NZD_USD|Any CPU.Build.0 = NZD_USD|Any CPU
		{670AD73B-553E-4437-B54C-0A91D8C0348F}.Oscillating|Any CPU.ActiveCfg = Oscillating|Any CPU
		{670AD73B-553E-4437-B54C-0A91D8C0348F}.Oscillating|Any CPU.Build.0 = Oscillating|Any CPU
		{670AD73B-553E-4437-B54C-0A91D8C0348F}.PriceAction|Any CPU.ActiveCfg = PriceAction|Any CPU
		{670AD73B-553E-4437-B54C-0A91D8C0348F}.PriceAction|Any CPU.Build.0 = PriceAction|Any CPU
		{670AD73B-553E-4437-B54C-0A91D8C0348F}.Propulsion|Any CPU.ActiveCfg = Propulsion|Any CPU
		{670AD73B-553E-4437-B54C-0A91D8C0348F}.Propulsion|Any CPU.Build.0 = Propulsion|Any CPU
		{670AD73B-553E-4437-B54C-0A91D8C0348F}.Release|Any CPU.ActiveCfg = Release|Any CPU
		{670AD73B-553E-4437-B54C-0A91D8C0348F}.Release|Any CPU.Build.0 = Release|Any CPU
		{670AD73B-553E-4437-B54C-0A91D8C0348F}.Strategies|Any CPU.ActiveCfg = Strategies|Any CPU
		{670AD73B-553E-4437-B54C-0A91D8C0348F}.Strategies|Any CPU.Build.0 = Strategies|Any CPU
		{670AD73B-553E-4437-B54C-0A91D8C0348F}.Strategies1|Any CPU.ActiveCfg = Strategies1|Any CPU
		{670AD73B-553E-4437-B54C-0A91D8C0348F}.Strategies1|Any CPU.Build.0 = Strategies1|Any CPU
		{670AD73B-553E-4437-B54C-0A91D8C0348F}.Strategies2|Any CPU.ActiveCfg = Strategies2|Any CPU
		{670AD73B-553E-4437-B54C-0A91D8C0348F}.Strategies2|Any CPU.Build.0 = Strategies2|Any CPU
		{670AD73B-553E-4437-B54C-0A91D8C0348F}.Test03|Any CPU.ActiveCfg = Test03|Any CPU
		{670AD73B-553E-4437-B54C-0A91D8C0348F}.Test03|Any CPU.Build.0 = Test03|Any CPU
		{670AD73B-553E-4437-B54C-0A91D8C0348F}.Test04|Any CPU.ActiveCfg = Test04|Any CPU
		{670AD73B-553E-4437-B54C-0A91D8C0348F}.Test04|Any CPU.Build.0 = Test04|Any CPU
		{670AD73B-553E-4437-B54C-0A91D8C0348F}.Test05|Any CPU.ActiveCfg = Test05|Any CPU
		{670AD73B-553E-4437-B54C-0A91D8C0348F}.Test05|Any CPU.Build.0 = Test05|Any CPU
		{670AD73B-553E-4437-B54C-0A91D8C0348F}.Trendiness1|Any CPU.ActiveCfg = Trendiness1|Any CPU
		{670AD73B-553E-4437-B54C-0A91D8C0348F}.Trendiness1|Any CPU.Build.0 = Trendiness1|Any CPU
		{670AD73B-553E-4437-B54C-0A91D8C0348F}.Trendiness2|Any CPU.ActiveCfg = Trendiness2|Any CPU
		{670AD73B-553E-4437-B54C-0A91D8C0348F}.Trendiness2|Any CPU.Build.0 = Trendiness2|Any CPU
		{670AD73B-553E-4437-B54C-0A91D8C0348F}.Trendiness3|Any CPU.ActiveCfg = Trendiness3|Any CPU
		{670AD73B-553E-4437-B54C-0A91D8C0348F}.Trendiness3|Any CPU.Build.0 = Trendiness3|Any CPU
		{670AD73B-553E-4437-B54C-0A91D8C0348F}.Trendiness4|Any CPU.ActiveCfg = Trendiness4|Any CPU
		{670AD73B-553E-4437-B54C-0A91D8C0348F}.Trendiness4|Any CPU.Build.0 = Trendiness4|Any CPU
		{670AD73B-553E-4437-B54C-0A91D8C0348F}.Trending|Any CPU.ActiveCfg = Trending|Any CPU
		{670AD73B-553E-4437-B54C-0A91D8C0348F}.Trending|Any CPU.Build.0 = Trending|Any CPU
		{670AD73B-553E-4437-B54C-0A91D8C0348F}.TrendInternals|Any CPU.ActiveCfg = TrendInternals|Any CPU
		{670AD73B-553E-4437-B54C-0A91D8C0348F}.TrendInternals|Any CPU.Build.0 = TrendInternals|Any CPU
		{670AD73B-553E-4437-B54C-0A91D8C0348F}.TrendyKeltnerOscillation|Any CPU.ActiveCfg = TrendyKeltnerOscillation|Any CPU
		{670AD73B-553E-4437-B54C-0A91D8C0348F}.TrendyKeltnerOscillation|Any CPU.Build.0 = TrendyKeltnerOscillation|Any CPU
		{670AD73B-553E-4437-B54C-0A91D8C0348F}.USD_CAD|Any CPU.ActiveCfg = USD_CAD|Any CPU
		{670AD73B-553E-4437-B54C-0A91D8C0348F}.USD_CAD|Any CPU.Build.0 = USD_CAD|Any CPU
		{670AD73B-553E-4437-B54C-0A91D8C0348F}.USD_CHF|Any CPU.ActiveCfg = USD_CHF|Any CPU
		{670AD73B-553E-4437-B54C-0A91D8C0348F}.USD_CHF|Any CPU.Build.0 = USD_CHF|Any CPU
	EndGlobalSection
	GlobalSection(SolutionProperties) = preSolution
		HideSolutionNode = FALSE
	EndGlobalSection
EndGlobal
